// !$*UTF8*$!
{
	archiveVersion = 1;
	classes = {
	};
	objectVersion = 56;
	objects = {

/* Begin PBXBuildFile section */
		A10000000000000000000001 /* AppDelegate.swift in Sources */ = {isa = PBXBuildFile; fileRef = B10000000000000000000002 /* AppDelegate.swift */; };
		A10000000000000000000002 /* SceneDelegate.swift in Sources */ = {isa = PBXBuildFile; fileRef = B10000000000000000000003 /* SceneDelegate.swift */; };
		A10000000000000000000003 /* MovieTimeCapsuleViewController.swift in Sources */ = {isa = PBXBuildFile; fileRef = B10000000000000000000004 /* MovieTimeCapsuleViewController.swift */; };
		A10000000000000000000004 /* Resources in Resources */ = {isa = PBXBuildFile; fileRef = B10000000000000000000006 /* Resources */; };
/* End PBXBuildFile section */

/* Begin PBXFileReference section */
		B10000000000000000000001 /* MovieTimeCapsule.app */ = {isa = PBXFileReference; explicitFileType = wrapper.application; includeInIndex = 0; path = MovieTimeCapsule.app; sourceTree = BUILT_PRODUCTS_DIR; };
		B10000000000000000000002 /* AppDelegate.swift */ = {isa = PBXFileReference; lastKnownFileType = sourcecode.swift; path = AppDelegate.swift; sourceTree = "<group>"; };
		B10000000000000000000003 /* SceneDelegate.swift */ = {isa = PBXFileReference; lastKnownFileType = sourcecode.swift; path = SceneDelegate.swift; sourceTree = "<group>"; };
		B10000000000000000000004 /* MovieTimeCapsuleViewController.swift */ = {isa = PBXFileReference; lastKnownFileType = sourcecode.swift; path = MovieTimeCapsuleViewController.swift; sourceTree = "<group>"; };
		B10000000000000000000005 /* Info.plist */ = {isa = PBXFileReference; lastKnownFileType = text.plist.xml; path = Info.plist; sourceTree = "<group>"; };
		B10000000000000000000006 /* Resources */ = {isa = PBXFileReference; lastKnownFileType = folder; path = Resources; sourceTree = "<group>"; };
/* End PBXFileReference section */

/* Begin PBXFrameworksBuildPhase section */
		C10000000000000000000001 /* Frameworks */ = {
			isa = PBXFrameworksBuildPhase;
			buildActionMask = 2147483647;
			files = (
			);
			runOnlyForDeploymentPostprocessing = 0;
		};
/* End PBXFrameworksBuildPhase section */

/* Begin PBXNativeTarget section */
		E10000000000000000000001 /* MovieTimeCapsule */ = {
			isa = PBXNativeTarget;
			buildConfigurationList = E10000000000000000000002 /* Build configuration list for PBXNativeTarget "MovieTimeCapsule" */;
			buildPhases = (
				C10000000000000000000001 /* Frameworks */,
				C10000000000000000000002 /* Resources */,
				C10000000000000000000003 /* Sources */,
			);
			buildRules = (
			);
			dependencies = (
			);
			name = MovieTimeCapsule;
			productName = MovieTimeCapsule;
			productReference = B10000000000000000000001 /* MovieTimeCapsule.app */;
			productType = "com.apple.product-type.application";
		};
/* End PBXNativeTarget section */

/* Begin PBXProject section */
		F10000000000000000000001 /* Project object */ = {
			isa = PBXProject;
			attributes = {
				LastUpgradeCheck = 1600;
				TargetAttributes = {
					E10000000000000000000001 = {
						CreatedOnToolsVersion = 16.0;
					};
				};
			};
			buildConfigurationList = F10000000000000000000002 /* Build configuration list for PBXProject "MovieTimeCapsule" */;
			compatibilityVersion = "Xcode 14.0";
			developmentRegion = en;
			hasScannedForEncodings = 0;
			knownRegions = (
				en,
				Base,
			);
			mainGroup = D10000000000000000000003;
			productRefGroup = D10000000000000000000002 /* Products */;
			projectDirPath = "";
			projectRoot = "";
			targets = (
				E10000000000000000000001 /* MovieTimeCapsule */,
			);
		};
/* End PBXProject section */

/* Begin PBXResourcesBuildPhase section */
		C10000000000000000000002 /* Resources */ = {
			isa = PBXResourcesBuildPhase;
			buildActionMask = 2147483647;
			files = (
				A10000000000000000000004 /* Resources in Resources */,
			);
			runOnlyForDeploymentPostprocessing = 0;
		};
/* End PBXResourcesBuildPhase section */

/* Begin PBXSourcesBuildPhase section */
		C10000000000000000000003 /* Sources */ = {
			isa = PBXSourcesBuildPhase;
			buildActionMask = 2147483647;
			files = (
				A10000000000000000000001 /* AppDelegate.swift in Sources */,
				A10000000000000000000002 /* SceneDelegate.swift in Sources */,
				A10000000000000000000003 /* MovieTimeCapsuleViewController.swift in Sources */,
			);
			runOnlyForDeploymentPostprocessing = 0;
		};
/* End PBXSourcesBuildPhase section */

/* Begin PBXGroup section */
		D10000000000000000000001 /* MovieTimeCapsule */ = {
			isa = PBXGroup;
			children = (
				B10000000000000000000002 /* AppDelegate.swift */,
				B10000000000000000000003 /* SceneDelegate.swift */,
				B10000000000000000000004 /* MovieTimeCapsuleViewController.swift */,
				B10000000000000000000005 /* Info.plist */,
				B10000000000000000000006 /* Resources */,
			);
			path = MovieTimeCapsule;
			sourceTree = "<group>";
		};
		D10000000000000000000002 /* Products */ = {
			isa = PBXGroup;
			children = (
				B10000000000000000000001 /* MovieTimeCapsule.app */,
			);
			name = Products;
			sourceTree = "<group>";
		};
		D10000000000000000000003 = {
			isa = PBXGroup;
			children = (
				D10000000000000000000001 /* MovieTimeCapsule */,
				D10000000000000000000002 /* Products */,
			);
			sourceTree = "<group>";
		};
/* End PBXGroup section */

/* Begin XCBuildConfiguration section */
		F10000000000000000000003 /* Debug */ = {
			isa = XCBuildConfiguration;
			buildSettings = {
				ALWAYS_SEARCH_USER_PATHS = NO;
				CLANG_ENABLE_MODULES = YES;
				CLANG_ENABLE_OBJC_ARC = YES;
				GCC_C_LANGUAGE_STANDARD = gnu17;
				IPHONEOS_DEPLOYMENT_TARGET = 15.0;
				SDKROOT = iphoneos;
				SWIFT_VERSION = 5.0;
			};
			name = Debug;
		};
		F10000000000000000000004 /* Release */ = {
			isa = XCBuildConfiguration;
			buildSettings = {
				ALWAYS_SEARCH_USER_PATHS = NO;
				CLANG_ENABLE_MODULES = YES;
				CLANG_ENABLE_OBJC_ARC = YES;
				GCC_C_LANGUAGE_STANDARD = gnu17;
				IPHONEOS_DEPLOYMENT_TARGET = 15.0;
				SDKROOT = iphoneos;
				SWIFT_OPTIMIZATION_LEVEL = "-O";
				SWIFT_VERSION = 5.0;
			};
			name = Release;
		};
		F10000000000000000000005 /* Debug */ = {
			isa = XCBuildConfiguration;
			buildSettings = {
				CODE_SIGNING_ALLOWED = NO;
				CODE_SIGNING_REQUIRED = NO;
				CURRENT_PROJECT_VERSION = 1;
				GENERATE_INFOPLIST_FILE = NO;
				INFOPLIST_FILE = MovieTimeCapsule/Info.plist;
				IPHONEOS_DEPLOYMENT_TARGET = 15.0;
				LD_RUNPATH_SEARCH_PATHS = (
					"$(inherited)",
					"@executable_path/Frameworks",
				);
				PRODUCT_BUNDLE_IDENTIFIER = com.xiaolizi.timecapsule.ipad;
				PRODUCT_NAME = "$(TARGET_NAME)";
				SUPPORTED_PLATFORMS = "iphoneos iphonesimulator";
				SWIFT_VERSION = 5.0;
				TARGETED_DEVICE_FAMILY = 2;
			};
			name = Debug;
		};
		F10000000000000000000006 /* Release */ = {
			isa = XCBuildConfiguration;
			buildSettings = {
				CODE_SIGNING_ALLOWED = NO;
				CODE_SIGNING_REQUIRED = NO;
				CURRENT_PROJECT_VERSION = 1;
				GENERATE_INFOPLIST_FILE = NO;
				INFOPLIST_FILE = MovieTimeCapsule/Info.plist;
				IPHONEOS_DEPLOYMENT_TARGET = 15.0;
				LD_RUNPATH_SEARCH_PATHS = (
					"$(inherited)",
					"@executable_path/Frameworks",
				);
				PRODUCT_BUNDLE_IDENTIFIER = com.xiaolizi.timecapsule.ipad;
				PRODUCT_NAME = "$(TARGET_NAME)";
				SUPPORTED_PLATFORMS = "iphoneos iphonesimulator";
				SWIFT_OPTIMIZATION_LEVEL = "-O";
				SWIFT_VERSION = 5.0;
				TARGETED_DEVICE_FAMILY = 2;
			};
			name = Release;
		};
/* End XCBuildConfiguration section */

/* Begin XCConfigurationList section */
		E10000000000000000000002 /* Build configuration list for PBXNativeTarget "MovieTimeCapsule" */ = {
			isa = XCConfigurationList;
			buildConfigurations = (
				F10000000000000000000005 /* Debug */,
				F10000000000000000000006 /* Release */,
			);
			defaultConfigurationIsVisible = 0;
			defaultConfigurationName = Release;
		};
		F10000000000000000000002 /* Build configuration list for PBXProject "MovieTimeCapsule" */ = {
			isa = XCConfigurationList;
			buildConfigurations = (
				F10000000000000000000003 /* Debug */,
				F10000000000000000000004 /* Release */,
			);
			defaultConfigurationIsVisible = 0;
			defaultConfigurationName = Release;
		};
/* End XCConfigurationList section */
	};
	rootObject = F10000000000000000000001 /* Project object */;
}
